
Microsoft Visual Studio Solution File, Format Version 12.00
Project("{FAE04EC0-301F-11D3-BF4B-00C04F79EFBC}") = "OopLessonTwo", "OopLessonTwo\OopLessonTwo.csproj", "{6B187064-BE7D-4956-80D9-DD772398616C}"
EndProject
Project("{FAE04EC0-301F-11D3-BF4B-00C04F79EFBC}") = "tech", "tech\tech.csproj", "{6C0EED82-C1E8-4C53-93E1-972DF370FECB}"
EndProject
Global
	GlobalSection(SolutionConfigurationPlatforms) = preSolution
		Debug|Any CPU = Debug|Any CPU
		Release|Any CPU = Release|Any CPU
	EndGlobalSection
	GlobalSection(ProjectConfigurationPlatforms) = postSolution
		{6B187064-BE7D-4956-80D9-DD772398616C}.Debug|Any CPU.ActiveCfg = Debug|Any CPU
		{6B187064-BE7D-4956-80D9-DD772398616C}.Debug|Any CPU.Build.0 = Debug|Any CPU
		{6B187064-BE7D-4956-80D9-DD772398616C}.Release|Any CPU.ActiveCfg = Release|Any CPU
		{6B187064-BE7D-4956-80D9-DD772398616C}.Release|Any CPU.Build.0 = Release|Any CPU
		{6C0EED82-C1E8-4C53-93E1-972DF370FECB}.Debug|Any CPU.ActiveCfg = Debug|Any CPU
		{6C0EED82-C1E8-4C53-93E1-972DF370FECB}.Debug|Any CPU.Build.0 = Debug|Any CPU
		{6C0EED82-C1E8-4C53-93E1-972DF370FECB}.Release|Any CPU.ActiveCfg = Release|Any CPU
		{6C0EED82-C1E8-4C53-93E1-972DF370FECB}.Release|Any CPU.Build.0 = Release|Any CPU
	EndGlobalSection
EndGlobal
